
Microsoft Visual Studio Solution File, Format Version 12.00
# Visual Studio Version 16
VisualStudioVersion = 16.0.29102.190
MinimumVisualStudioVersion = 10.0.40219.1
Project("{FAE04EC0-301F-11D3-BF4B-00C04F79EFBC}") = "FiddlerHelper", "FiddlerHelper\FiddlerHelper.csproj", "{DED1F188-E229-4434-B1E0-473941C21C66}"
EndProject
Global
	GlobalSection(SolutionConfigurationPlatforms) = preSolution
		Debug|Any CPU = Debug|Any CPU
		Release|Any CPU = Release|Any CPU
	EndGlobalSection
	GlobalSection(ProjectConfigurationPlatforms) = postSolution
		{DED1F188-E229-4434-B1E0-473941C21C66}.Debug|Any CPU.ActiveCfg = Debug|Any CPU
		{DED1F188-E229-4434-B1E0-473941C21C66}.Debug|Any CPU.Build.0 = Debug|Any CPU
		{DED1F188-E229-4434-B1E0-473941C21C66}.Release|Any CPU.ActiveCfg = Release|Any CPU
		{DED1F188-E229-4434-B1E0-473941C21C66}.Release|Any CPU.Build.0 = Release|Any CPU
	EndGlobalSection
	GlobalSection(SolutionProperties) = preSolution
		HideSolutionNode = FALSE
	EndGlobalSection
	GlobalSection(ExtensibilityGlobals) = postSolution
		SolutionGuid = {835EB595-F642-4FA4-BD8D-3193A6AEBD23}
	EndGlobalSection
EndGlobal
